// !$*UTF8*$!
{
	archiveVersion = 1;
	classes = {
	};
	objectVersion = 56;
	objects = {

/* Begin PBXBuildFile section */
		0F68AA3929647CAF00A49C4F /* NetworkService.swift in Sources */ = {isa = PBXBuildFile; fileRef = 0F68AA3829647CAF00A49C4F /* NetworkService.swift */; };
		0F68AA3C296486ED00A49C4F /* DetailPresentor.swift in Sources */ = {isa = PBXBuildFile; fileRef = 0F68AA3B296486ED00A49C4F /* DetailPresentor.swift */; };
		0F68AA42296488F100A49C4F /* DetailViewController.swift in Sources */ = {isa = PBXBuildFile; fileRef = 0F68AA40296488F100A49C4F /* DetailViewController.swift */; };
		0F68AA43296488F100A49C4F /* DetailViewController.xib in Resources */ = {isa = PBXBuildFile; fileRef = 0F68AA41296488F100A49C4F /* DetailViewController.xib */; };
		0F68AA452964919A00A49C4F /* Router.swift in Sources */ = {isa = PBXBuildFile; fileRef = 0F68AA442964919A00A49C4F /* Router.swift */; };
		0F90CCDF2964352100DD8B35 /* AppDelegate.swift in Sources */ = {isa = PBXBuildFile; fileRef = 0F90CCDE2964352100DD8B35 /* AppDelegate.swift */; };
		0F90CCE12964352100DD8B35 /* SceneDelegate.swift in Sources */ = {isa = PBXBuildFile; fileRef = 0F90CCE02964352100DD8B35 /* SceneDelegate.swift */; };
		0F90CCE32964352100DD8B35 /* MainViewController.swift in Sources */ = {isa = PBXBuildFile; fileRef = 0F90CCE22964352100DD8B35 /* MainViewController.swift */; };
		0F90CCE82964352200DD8B35 /* Assets.xcassets in Resources */ = {isa = PBXBuildFile; fileRef = 0F90CCE72964352200DD8B35 /* Assets.xcassets */; };
		0F90CCEB2964352200DD8B35 /* LaunchScreen.storyboard in Resources */ = {isa = PBXBuildFile; fileRef = 0F90CCE92964352200DD8B35 /* LaunchScreen.storyboard */; };
		0F90CCF62964352200DD8B35 /* MVP_UIKitTests.swift in Sources */ = {isa = PBXBuildFile; fileRef = 0F90CCF52964352200DD8B35 /* MVP_UIKitTests.swift */; };
		0F90CD002964352200DD8B35 /* MVP_UIKitUITests.swift in Sources */ = {isa = PBXBuildFile; fileRef = 0F90CCFF2964352200DD8B35 /* MVP_UIKitUITests.swift */; };
		0F90CD022964352200DD8B35 /* MVP_UIKitUITestsLaunchTests.swift in Sources */ = {isa = PBXBuildFile; fileRef = 0F90CD012964352200DD8B35 /* MVP_UIKitUITestsLaunchTests.swift */; };
		0F90CD0F2964356E00DD8B35 /* Comment.swift in Sources */ = {isa = PBXBuildFile; fileRef = 0F90CD0E2964356E00DD8B35 /* Comment.swift */; };
		0F90CD112964359E00DD8B35 /* MainViewPresenter.swift in Sources */ = {isa = PBXBuildFile; fileRef = 0F90CD102964359E00DD8B35 /* MainViewPresenter.swift */; };
		0F90CD1729643B7D00DD8B35 /* MainViewController.xib in Resources */ = {isa = PBXBuildFile; fileRef = 0F90CD1629643B7D00DD8B35 /* MainViewController.xib */; };
		0F90CD1929643ED500DD8B35 /* ModulBilder.swift in Sources */ = {isa = PBXBuildFile; fileRef = 0F90CD1829643ED500DD8B35 /* ModulBilder.swift */; };
		0F90CD1E2964446200DD8B35 /* MainPresenterTest.swift in Sources */ = {isa = PBXBuildFile; fileRef = 0F90CD1D2964446200DD8B35 /* MainPresenterTest.swift */; };
		0FDF12E7296F15770014A838 /* RouterTest.swift in Sources */ = {isa = PBXBuildFile; fileRef = 0FDF12E6296F15770014A838 /* RouterTest.swift */; };
/* End PBXBuildFile section */

/* Begin PBXContainerItemProxy section */
		0F90CCF22964352200DD8B35 /* PBXContainerItemProxy */ = {
			isa = PBXContainerItemProxy;
			containerPortal = 0F90CCD32964352100DD8B35 /* Project object */;
			proxyType = 1;
			remoteGlobalIDString = 0F90CCDA2964352100DD8B35;
			remoteInfo = "MVP-UIKit";
		};
		0F90CCFC2964352200DD8B35 /* PBXContainerItemProxy */ = {
			isa = PBXContainerItemProxy;
			containerPortal = 0F90CCD32964352100DD8B35 /* Project object */;
			proxyType = 1;
			remoteGlobalIDString = 0F90CCDA2964352100DD8B35;
			remoteInfo = "MVP-UIKit";
		};
/* End PBXContainerItemProxy section */

/* Begin PBXFileReference section */
		0F68AA3829647CAF00A49C4F /* NetworkService.swift */ = {isa = PBXFileReference; lastKnownFileType = sourcecode.swift; path = NetworkService.swift; sourceTree = "<group>"; };
		0F68AA3B296486ED00A49C4F /* DetailPresentor.swift */ = {isa = PBXFileReference; lastKnownFileType = sourcecode.swift; path = DetailPresentor.swift; sourceTree = "<group>"; };
		0F68AA40296488F100A49C4F /* DetailViewController.swift */ = {isa = PBXFileReference; lastKnownFileType = sourcecode.swift; path = DetailViewController.swift; sourceTree = "<group>"; };
		0F68AA41296488F100A49C4F /* DetailViewController.xib */ = {isa = PBXFileReference; lastKnownFileType = file.xib; path = DetailViewController.xib; sourceTree = "<group>"; };
		0F68AA442964919A00A49C4F /* Router.swift */ = {isa = PBXFileReference; lastKnownFileType = sourcecode.swift; path = Router.swift; sourceTree = "<group>"; };
		0F90CCDB2964352100DD8B35 /* MVP-UIKit.app */ = {isa = PBXFileReference; explicitFileType = wrapper.application; includeInIndex = 0; path = "MVP-UIKit.app"; sourceTree = BUILT_PRODUCTS_DIR; };
		0F90CCDE2964352100DD8B35 /* AppDelegate.swift */ = {isa = PBXFileReference; lastKnownFileType = sourcecode.swift; path = AppDelegate.swift; sourceTree = "<group>"; };
		0F90CCE02964352100DD8B35 /* SceneDelegate.swift */ = {isa = PBXFileReference; lastKnownFileType = sourcecode.swift; path = SceneDelegate.swift; sourceTree = "<group>"; };
		0F90CCE22964352100DD8B35 /* MainViewController.swift */ = {isa = PBXFileReference; lastKnownFileType = sourcecode.swift; path = MainViewController.swift; sourceTree = "<group>"; };
		0F90CCE72964352200DD8B35 /* Assets.xcassets */ = {isa = PBXFileReference; lastKnownFileType = folder.assetcatalog; path = Assets.xcassets; sourceTree = "<group>"; };
		0F90CCEA2964352200DD8B35 /* Base */ = {isa = PBXFileReference; lastKnownFileType = file.storyboard; name = Base; path = Base.lproj/LaunchScreen.storyboard; sourceTree = "<group>"; };
		0F90CCEC2964352200DD8B35 /* Info.plist */ = {isa = PBXFileReference; lastKnownFileType = text.plist.xml; path = Info.plist; sourceTree = "<group>"; };
		0F90CCF12964352200DD8B35 /* MVP-UIKitTests.xctest */ = {isa = PBXFileReference; explicitFileType = wrapper.cfbundle; includeInIndex = 0; path = "MVP-UIKitTests.xctest"; sourceTree = BUILT_PRODUCTS_DIR; };
		0F90CCF52964352200DD8B35 /* MVP_UIKitTests.swift */ = {isa = PBXFileReference; lastKnownFileType = sourcecode.swift; path = MVP_UIKitTests.swift; sourceTree = "<group>"; };
		0F90CCFB2964352200DD8B35 /* MVP-UIKitUITests.xctest */ = {isa = PBXFileReference; explicitFileType = wrapper.cfbundle; includeInIndex = 0; path = "MVP-UIKitUITests.xctest"; sourceTree = BUILT_PRODUCTS_DIR; };
		0F90CCFF2964352200DD8B35 /* MVP_UIKitUITests.swift */ = {isa = PBXFileReference; lastKnownFileType = sourcecode.swift; path = MVP_UIKitUITests.swift; sourceTree = "<group>"; };
		0F90CD012964352200DD8B35 /* MVP_UIKitUITestsLaunchTests.swift */ = {isa = PBXFileReference; lastKnownFileType = sourcecode.swift; path = MVP_UIKitUITestsLaunchTests.swift; sourceTree = "<group>"; };
		0F90CD0E2964356E00DD8B35 /* Comment.swift */ = {isa = PBXFileReference; lastKnownFileType = sourcecode.swift; path = Comment.swift; sourceTree = "<group>"; };
		0F90CD102964359E00DD8B35 /* MainViewPresenter.swift */ = {isa = PBXFileReference; lastKnownFileType = sourcecode.swift; path = MainViewPresenter.swift; sourceTree = "<group>"; };
		0F90CD1629643B7D00DD8B35 /* MainViewController.xib */ = {isa = PBXFileReference; lastKnownFileType = file.xib; path = MainViewController.xib; sourceTree = "<group>"; };
		0F90CD1829643ED500DD8B35 /* ModulBilder.swift */ = {isa = PBXFileReference; lastKnownFileType = sourcecode.swift; path = ModulBilder.swift; sourceTree = "<group>"; };
		0F90CD1D2964446200DD8B35 /* MainPresenterTest.swift */ = {isa = PBXFileReference; lastKnownFileType = sourcecode.swift; path = MainPresenterTest.swift; sourceTree = "<group>"; };
		0FDF12E6296F15770014A838 /* RouterTest.swift */ = {isa = PBXFileReference; lastKnownFileType = sourcecode.swift; path = RouterTest.swift; sourceTree = "<group>"; };
/* End PBXFileReference section */

/* Begin PBXFrameworksBuildPhase section */
		0F90CCD82964352100DD8B35 /* Frameworks */ = {
			isa = PBXFrameworksBuildPhase;
			buildActionMask = 2147483647;
			files = (
			);
			runOnlyForDeploymentPostprocessing = 0;
		};
		0F90CCEE2964352200DD8B35 /* Frameworks */ = {
			isa = PBXFrameworksBuildPhase;
			buildActionMask = 2147483647;
			files = (
			);
			runOnlyForDeploymentPostprocessing = 0;
		};
		0F90CCF82964352200DD8B35 /* Frameworks */ = {
			isa = PBXFrameworksBuildPhase;
			buildActionMask = 2147483647;
			files = (
			);
			runOnlyForDeploymentPostprocessing = 0;
		};
/* End PBXFrameworksBuildPhase section */

/* Begin PBXGroup section */
		0F68AA3A29647CCA00A49C4F /* ServiceLayer */ = {
			isa = PBXGroup;
			children = (
				0F68AA3829647CAF00A49C4F /* NetworkService.swift */,
			);
			path = ServiceLayer;
			sourceTree = "<group>";
		};
		0F68AA3D296488C900A49C4F /* Presenter */ = {
			isa = PBXGroup;
			children = (
				0F68AA3B296486ED00A49C4F /* DetailPresentor.swift */,
			);
			path = Presenter;
			sourceTree = "<group>";
		};
		0F68AA3E296488CF00A49C4F /* DetailModul */ = {
			isa = PBXGroup;
			children = (
				0F68AA3F296488DF00A49C4F /* View */,
				0F68AA3D296488C900A49C4F /* Presenter */,
			);
			path = DetailModul;
			sourceTree = "<group>";
		};
		0F68AA3F296488DF00A49C4F /* View */ = {
			isa = PBXGroup;
			children = (
				0F68AA40296488F100A49C4F /* DetailViewController.swift */,
				0F68AA41296488F100A49C4F /* DetailViewController.xib */,
			);
			path = View;
			sourceTree = "<group>";
		};
		0F90CCD22964352100DD8B35 = {
			isa = PBXGroup;
			children = (
				0F90CCDD2964352100DD8B35 /* MVP-UIKit */,
				0F90CCF42964352200DD8B35 /* MVP-UIKitTests */,
				0F90CCFE2964352200DD8B35 /* MVP-UIKitUITests */,
				0F90CCDC2964352100DD8B35 /* Products */,
			);
			sourceTree = "<group>";
		};
		0F90CCDC2964352100DD8B35 /* Products */ = {
			isa = PBXGroup;
			children = (
				0F90CCDB2964352100DD8B35 /* MVP-UIKit.app */,
				0F90CCF12964352200DD8B35 /* MVP-UIKitTests.xctest */,
				0F90CCFB2964352200DD8B35 /* MVP-UIKitUITests.xctest */,
			);
			name = Products;
			sourceTree = "<group>";
		};
		0F90CCDD2964352100DD8B35 /* MVP-UIKit */ = {
			isa = PBXGroup;
			children = (
				0F90CCDE2964352100DD8B35 /* AppDelegate.swift */,
				0F90CCE02964352100DD8B35 /* SceneDelegate.swift */,
				0F90CD1829643ED500DD8B35 /* ModulBilder.swift */,
				0F68AA442964919A00A49C4F /* Router.swift */,
				0F68AA3A29647CCA00A49C4F /* ServiceLayer */,
				0F90CD1229643AFF00DD8B35 /* MainModul */,
				0F68AA3E296488CF00A49C4F /* DetailModul */,
				0F90CCE72964352200DD8B35 /* Assets.xcassets */,
				0F90CCE92964352200DD8B35 /* LaunchScreen.storyboard */,
				0F90CCEC2964352200DD8B35 /* Info.plist */,
			);
			path = "MVP-UIKit";
			sourceTree = "<group>";
		};
		0F90CCF42964352200DD8B35 /* MVP-UIKitTests */ = {
			isa = PBXGroup;
			children = (
				0F90CD1C2964441D00DD8B35 /* TestMainModul */,
				0F90CCF52964352200DD8B35 /* MVP_UIKitTests.swift */,
			);
			path = "MVP-UIKitTests";
			sourceTree = "<group>";
		};
		0F90CCFE2964352200DD8B35 /* MVP-UIKitUITests */ = {
			isa = PBXGroup;
			children = (
				0F90CCFF2964352200DD8B35 /* MVP_UIKitUITests.swift */,
				0F90CD012964352200DD8B35 /* MVP_UIKitUITestsLaunchTests.swift */,
			);
			path = "MVP-UIKitUITests";
			sourceTree = "<group>";
		};
		0F90CD1229643AFF00DD8B35 /* MainModul */ = {
			isa = PBXGroup;
			children = (
				0F90CD1329643B1200DD8B35 /* Model */,
				0F90CD1429643B1800DD8B35 /* Presenter */,
				0F90CD1529643B2B00DD8B35 /* View */,
			);
			path = MainModul;
			sourceTree = "<group>";
		};
		0F90CD1329643B1200DD8B35 /* Model */ = {
			isa = PBXGroup;
			children = (
				0F90CD0E2964356E00DD8B35 /* Comment.swift */,
			);
			path = Model;
			sourceTree = "<group>";
		};
		0F90CD1429643B1800DD8B35 /* Presenter */ = {
			isa = PBXGroup;
			children = (
				0F90CD102964359E00DD8B35 /* MainViewPresenter.swift */,
			);
			path = Presenter;
			sourceTree = "<group>";
		};
		0F90CD1529643B2B00DD8B35 /* View */ = {
			isa = PBXGroup;
			children = (
				0F90CCE22964352100DD8B35 /* MainViewController.swift */,
				0F90CD1629643B7D00DD8B35 /* MainViewController.xib */,
			);
			path = View;
			sourceTree = "<group>";
		};
		0F90CD1C2964441D00DD8B35 /* TestMainModul */ = {
			isa = PBXGroup;
			children = (
				0F90CD1D2964446200DD8B35 /* MainPresenterTest.swift */,
				0FDF12E6296F15770014A838 /* RouterTest.swift */,
			);
			path = TestMainModul;
			sourceTree = "<group>";
		};
/* End PBXGroup section */

/* Begin PBXNativeTarget section */
		0F90CCDA2964352100DD8B35 /* MVP-UIKit */ = {
			isa = PBXNativeTarget;
			buildConfigurationList = 0F90CD052964352200DD8B35 /* Build configuration list for PBXNativeTarget "MVP-UIKit" */;
			buildPhases = (
				0F90CCD72964352100DD8B35 /* Sources */,
				0F90CCD82964352100DD8B35 /* Frameworks */,
				0F90CCD92964352100DD8B35 /* Resources */,
			);
			buildRules = (
			);
			dependencies = (
			);
			name = "MVP-UIKit";
			productName = "MVP-UIKit";
			productReference = 0F90CCDB2964352100DD8B35 /* MVP-UIKit.app */;
			productType = "com.apple.product-type.application";
		};
		0F90CCF02964352200DD8B35 /* MVP-UIKitTests */ = {
			isa = PBXNativeTarget;
			buildConfigurationList = 0F90CD082964352200DD8B35 /* Build configuration list for PBXNativeTarget "MVP-UIKitTests" */;
			buildPhases = (
				0F90CCED2964352200DD8B35 /* Sources */,
				0F90CCEE2964352200DD8B35 /* Frameworks */,
				0F90CCEF2964352200DD8B35 /* Resources */,
			);
			buildRules = (
			);
			dependencies = (
				0F90CCF32964352200DD8B35 /* PBXTargetDependency */,
			);
			name = "MVP-UIKitTests";
			productName = "MVP-UIKitTests";
			productReference = 0F90CCF12964352200DD8B35 /* MVP-UIKitTests.xctest */;
			productType = "com.apple.product-type.bundle.unit-test";
		};
		0F90CCFA2964352200DD8B35 /* MVP-UIKitUITests */ = {
			isa = PBXNativeTarget;
			buildConfigurationList = 0F90CD0B2964352200DD8B35 /* Build configuration list for PBXNativeTarget "MVP-UIKitUITests" */;
			buildPhases = (
				0F90CCF72964352200DD8B35 /* Sources */,
				0F90CCF82964352200DD8B35 /* Frameworks */,
				0F90CCF92964352200DD8B35 /* Resources */,
			);
			buildRules = (
			);
			dependencies = (
				0F90CCFD2964352200DD8B35 /* PBXTargetDependency */,
			);
			name = "MVP-UIKitUITests";
			productName = "MVP-UIKitUITests";
			productReference = 0F90CCFB2964352200DD8B35 /* MVP-UIKitUITests.xctest */;
			productType = "com.apple.product-type.bundle.ui-testing";
		};
/* End PBXNativeTarget section */

/* Begin PBXProject section */
		0F90CCD32964352100DD8B35 /* Project object */ = {
			isa = PBXProject;
			attributes = {
				BuildIndependentTargetsInParallel = 1;
				LastSwiftUpdateCheck = 1420;
				LastUpgradeCheck = 1420;
				TargetAttributes = {
					0F90CCDA2964352100DD8B35 = {
						CreatedOnToolsVersion = 14.2;
					};
					0F90CCF02964352200DD8B35 = {
						CreatedOnToolsVersion = 14.2;
						TestTargetID = 0F90CCDA2964352100DD8B35;
					};
					0F90CCFA2964352200DD8B35 = {
						CreatedOnToolsVersion = 14.2;
						TestTargetID = 0F90CCDA2964352100DD8B35;
					};
				};
			};
			buildConfigurationList = 0F90CCD62964352100DD8B35 /* Build configuration list for PBXProject "MVP-UIKit" */;
			compatibilityVersion = "Xcode 14.0";
			developmentRegion = en;
			hasScannedForEncodings = 0;
			knownRegions = (
				en,
				Base,
			);
			mainGroup = 0F90CCD22964352100DD8B35;
			productRefGroup = 0F90CCDC2964352100DD8B35 /* Products */;
			projectDirPath = "";
			projectRoot = "";
			targets = (
				0F90CCDA2964352100DD8B35 /* MVP-UIKit */,
				0F90CCF02964352200DD8B35 /* MVP-UIKitTests */,
				0F90CCFA2964352200DD8B35 /* MVP-UIKitUITests */,
			);
		};
/* End PBXProject section */

/* Begin PBXResourcesBuildPhase section */
		0F90CCD92964352100DD8B35 /* Resources */ = {
			isa = PBXResourcesBuildPhase;
			buildActionMask = 2147483647;
			files = (
				0F90CCEB2964352200DD8B35 /* LaunchScreen.storyboard in Resources */,
				0F90CCE82964352200DD8B35 /* Assets.xcassets in Resources */,
				0F68AA43296488F100A49C4F /* DetailViewController.xib in Resources */,
				0F90CD1729643B7D00DD8B35 /* MainViewController.xib in Resources */,
			);
			runOnlyForDeploymentPostprocessing = 0;
		};
		0F90CCEF2964352200DD8B35 /* Resources */ = {
			isa = PBXResourcesBuildPhase;
			buildActionMask = 2147483647;
			files = (
			);
			runOnlyForDeploymentPostprocessing = 0;
		};
		0F90CCF92964352200DD8B35 /* Resources */ = {
			isa = PBXResourcesBuildPhase;
			buildActionMask = 2147483647;
			files = (
			);
			runOnlyForDeploymentPostprocessing = 0;
		};
/* End PBXResourcesBuildPhase section */

/* Begin PBXSourcesBuildPhase section */
		0F90CCD72964352100DD8B35 /* Sources */ = {
			isa = PBXSourcesBuildPhase;
			buildActionMask = 2147483647;
			files = (
				0F68AA42296488F100A49C4F /* DetailViewController.swift in Sources */,
				0F90CD112964359E00DD8B35 /* MainViewPresenter.swift in Sources */,
				0F68AA452964919A00A49C4F /* Router.swift in Sources */,
				0F68AA3C296486ED00A49C4F /* DetailPresentor.swift in Sources */,
				0F90CD1929643ED500DD8B35 /* ModulBilder.swift in Sources */,
				0F90CCE32964352100DD8B35 /* MainViewController.swift in Sources */,
				0F90CCDF2964352100DD8B35 /* AppDelegate.swift in Sources */,
				0F90CD0F2964356E00DD8B35 /* Comment.swift in Sources */,
				0F90CCE12964352100DD8B35 /* SceneDelegate.swift in Sources */,
				0F68AA3929647CAF00A49C4F /* NetworkService.swift in Sources */,
			);
			runOnlyForDeploymentPostprocessing = 0;
		};
		0F90CCED2964352200DD8B35 /* Sources */ = {
			isa = PBXSourcesBuildPhase;
			buildActionMask = 2147483647;
			files = (
				0F90CCF62964352200DD8B35 /* MVP_UIKitTests.swift in Sources */,
				0FDF12E7296F15770014A838 /* RouterTest.swift in Sources */,
				0F90CD1E2964446200DD8B35 /* MainPresenterTest.swift in Sources */,
			);
			runOnlyForDeploymentPostprocessing = 0;
		};
		0F90CCF72964352200DD8B35 /* Sources */ = {
			isa = PBXSourcesBuildPhase;
			buildActionMask = 2147483647;
			files = (
				0F90CD002964352200DD8B35 /* MVP_UIKitUITests.swift in Sources */,
				0F90CD022964352200DD8B35 /* MVP_UIKitUITestsLaunchTests.swift in Sources */,
			);
			runOnlyForDeploymentPostprocessing = 0;
		};
/* End PBXSourcesBuildPhase section */

/* Begin PBXTargetDependency section */
		0F90CCF32964352200DD8B35 /* PBXTargetDependency */ = {
			isa = PBXTargetDependency;
			target = 0F90CCDA2964352100DD8B35 /* MVP-UIKit */;
			targetProxy = 0F90CCF22964352200DD8B35 /* PBXContainerItemProxy */;
		};
		0F90CCFD2964352200DD8B35 /* PBXTargetDependency */ = {
			isa = PBXTargetDependency;
			target = 0F90CCDA2964352100DD8B35 /* MVP-UIKit */;
			targetProxy = 0F90CCFC2964352200DD8B35 /* PBXContainerItemProxy */;
		};
/* End PBXTargetDependency section */

/* Begin PBXVariantGroup section */
		0F90CCE92964352200DD8B35 /* LaunchScreen.storyboard */ = {
			isa = PBXVariantGroup;
			children = (
				0F90CCEA2964352200DD8B35 /* Base */,
			);
			name = LaunchScreen.storyboard;
			sourceTree = "<group>";
		};
/* End PBXVariantGroup section */

/* Begin XCBuildConfiguration section */
		0F90CD032964352200DD8B35 /* Debug */ = {
			isa = XCBuildConfiguration;
			buildSettings = {
				ALWAYS_SEARCH_USER_PATHS = NO;
				CLANG_ANALYZER_NONNULL = YES;
				CLANG_ANALYZER_NUMBER_OBJECT_CONVERSION = YES_AGGRESSIVE;
				CLANG_CXX_LANGUAGE_STANDARD = "gnu++20";
				CLANG_ENABLE_MODULES = YES;
				CLANG_ENABLE_OBJC_ARC = YES;
				CLANG_ENABLE_OBJC_WEAK = YES;
				CLANG_WARN_BLOCK_CAPTURE_AUTORELEASING = YES;
				CLANG_WARN_BOOL_CONVERSION = YES;
				CLANG_WARN_COMMA = YES;
				CLANG_WARN_CONSTANT_CONVERSION = YES;
				CLANG_WARN_DEPRECATED_OBJC_IMPLEMENTATIONS = YES;
				CLANG_WARN_DIRECT_OBJC_ISA_USAGE = YES_ERROR;
				CLANG_WARN_DOCUMENTATION_COMMENTS = YES;
				CLANG_WARN_EMPTY_BODY = YES;
				CLANG_WARN_ENUM_CONVERSION = YES;
				CLANG_WARN_INFINITE_RECURSION = YES;
				CLANG_WARN_INT_CONVERSION = YES;
				CLANG_WARN_NON_LITERAL_NULL_CONVERSION = YES;
				CLANG_WARN_OBJC_IMPLICIT_RETAIN_SELF = YES;
				CLANG_WARN_OBJC_LITERAL_CONVERSION = YES;
				CLANG_WARN_OBJC_ROOT_CLASS = YES_ERROR;
				CLANG_WARN_QUOTED_INCLUDE_IN_FRAMEWORK_HEADER = YES;
				CLANG_WARN_RANGE_LOOP_ANALYSIS = YES;
				CLANG_WARN_STRICT_PROTOTYPES = YES;
				CLANG_WARN_SUSPICIOUS_MOVE = YES;
				CLANG_WARN_UNGUARDED_AVAILABILITY = YES_AGGRESSIVE;
				CLANG_WARN_UNREACHABLE_CODE = YES;
				CLANG_WARN__DUPLICATE_METHOD_MATCH = YES;
				COPY_PHASE_STRIP = NO;
				DEBUG_INFORMATION_FORMAT = dwarf;
				ENABLE_STRICT_OBJC_MSGSEND = YES;
				ENABLE_TESTABILITY = YES;
				GCC_C_LANGUAGE_STANDARD = gnu11;
				GCC_DYNAMIC_NO_PIC = NO;
				GCC_NO_COMMON_BLOCKS = YES;
				GCC_OPTIMIZATION_LEVEL = 0;
				GCC_PREPROCESSOR_DEFINITIONS = (
					"DEBUG=1",
					"$(inherited)",
				);
				GCC_WARN_64_TO_32_BIT_CONVERSION = YES;
				GCC_WARN_ABOUT_RETURN_TYPE = YES_ERROR;
				GCC_WARN_UNDECLARED_SELECTOR = YES;
				GCC_WARN_UNINITIALIZED_AUTOS = YES_AGGRESSIVE;
				GCC_WARN_UNUSED_FUNCTION = YES;
				GCC_WARN_UNUSED_VARIABLE = YES;
				IPHONEOS_DEPLOYMENT_TARGET = 16.2;
				MTL_ENABLE_DEBUG_INFO = INCLUDE_SOURCE;
				MTL_FAST_MATH = YES;
				ONLY_ACTIVE_ARCH = YES;
				SDKROOT = iphoneos;
				SWIFT_ACTIVE_COMPILATION_CONDITIONS = DEBUG;
				SWIFT_OPTIMIZATION_LEVEL = "-Onone";
			};
			name = Debug;
		};
		0F90CD042964352200DD8B35 /* Release */ = {
			isa = XCBuildConfiguration;
			buildSettings = {
				ALWAYS_SEARCH_USER_PATHS = NO;
				CLANG_ANALYZER_NONNULL = YES;
				CLANG_ANALYZER_NUMBER_OBJECT_CONVERSION = YES_AGGRESSIVE;
				CLANG_CXX_LANGUAGE_STANDARD = "gnu++20";
				CLANG_ENABLE_MODULES = YES;
				CLANG_ENABLE_OBJC_ARC = YES;
				CLANG_ENABLE_OBJC_WEAK = YES;
				CLANG_WARN_BLOCK_CAPTURE_AUTORELEASING = YES;
				CLANG_WARN_BOOL_CONVERSION = YES;
				CLANG_WARN_COMMA = YES;
				CLANG_WARN_CONSTANT_CONVERSION = YES;
				CLANG_WARN_DEPRECATED_OBJC_IMPLEMENTATIONS = YES;
				CLANG_WARN_DIRECT_OBJC_ISA_USAGE = YES_ERROR;
				CLANG_WARN_DOCUMENTATION_COMMENTS = YES;
				CLANG_WARN_EMPTY_BODY = YES;
				CLANG_WARN_ENUM_CONVERSION = YES;
				CLANG_WARN_INFINITE_RECURSION = YES;
				CLANG_WARN_INT_CONVERSION = YES;
				CLANG_WARN_NON_LITERAL_NULL_CONVERSION = YES;
				CLANG_WARN_OBJC_IMPLICIT_RETAIN_SELF = YES;
				CLANG_WARN_OBJC_LITERAL_CONVERSION = YES;
				CLANG_WARN_OBJC_ROOT_CLASS = YES_ERROR;
				CLANG_WARN_QUOTED_INCLUDE_IN_FRAMEWORK_HEADER = YES;
				CLANG_WARN_RANGE_LOOP_ANALYSIS = YES;
				CLANG_WARN_STRICT_PROTOTYPES = YES;
				CLANG_WARN_SUSPICIOUS_MOVE = YES;
				CLANG_WARN_UNGUARDED_AVAILABILITY = YES_AGGRESSIVE;
				CLANG_WARN_UNREACHABLE_CODE = YES;
				CLANG_WARN__DUPLICATE_METHOD_MATCH = YES;
				COPY_PHASE_STRIP = NO;
				DEBUG_INFORMATION_FORMAT = "dwarf-with-dsym";
				ENABLE_NS_ASSERTIONS = NO;
				ENABLE_STRICT_OBJC_MSGSEND = YES;
				GCC_C_LANGUAGE_STANDARD = gnu11;
				GCC_NO_COMMON_BLOCKS = YES;
				GCC_WARN_64_TO_32_BIT_CONVERSION = YES;
				GCC_WARN_ABOUT_RETURN_TYPE = YES_ERROR;
				GCC_WARN_UNDECLARED_SELECTOR = YES;
				GCC_WARN_UNINITIALIZED_AUTOS = YES_AGGRESSIVE;
				GCC_WARN_UNUSED_FUNCTION = YES;
				GCC_WARN_UNUSED_VARIABLE = YES;
				IPHONEOS_DEPLOYMENT_TARGET = 16.2;
				MTL_ENABLE_DEBUG_INFO = NO;
				MTL_FAST_MATH = YES;
				SDKROOT = iphoneos;
				SWIFT_COMPILATION_MODE = wholemodule;
				SWIFT_OPTIMIZATION_LEVEL = "-O";
				VALIDATE_PRODUCT = YES;
			};
			name = Release;
		};
		0F90CD062964352200DD8B35 /* Debug */ = {
			isa = XCBuildConfiguration;
			buildSettings = {
				ASSETCATALOG_COMPILER_APPICON_NAME = AppIcon;
				ASSETCATALOG_COMPILER_GLOBAL_ACCENT_COLOR_NAME = AccentColor;
				CODE_SIGN_STYLE = Automatic;
				CURRENT_PROJECT_VERSION = 1;
				DEVELOPMENT_TEAM = SK7334S258;
				GENERATE_INFOPLIST_FILE = YES;
				INFOPLIST_FILE = "MVP-UIKit/Info.plist";
				INFOPLIST_KEY_UIApplicationSupportsIndirectInputEvents = YES;
				INFOPLIST_KEY_UILaunchStoryboardName = LaunchScreen;
				INFOPLIST_KEY_UIMainStoryboardFile = "";
				INFOPLIST_KEY_UISupportedInterfaceOrientations_iPad = "UIInterfaceOrientationPortrait UIInterfaceOrientationPortraitUpsideDown UIInterfaceOrientationLandscapeLeft UIInterfaceOrientationLandscapeRight";
				INFOPLIST_KEY_UISupportedInterfaceOrientations_iPhone = "UIInterfaceOrientationPortrait UIInterfaceOrientationLandscapeLeft UIInterfaceOrientationLandscapeRight";
				LD_RUNPATH_SEARCH_PATHS = (
					"$(inherited)",
					"@executable_path/Frameworks",
				);
				MARKETING_VERSION = 1.0;
				PRODUCT_BUNDLE_IDENTIFIER = "Zasenko.MVP-UIKit";
				PRODUCT_NAME = "$(TARGET_NAME)";
				SWIFT_EMIT_LOC_STRINGS = YES;
				SWIFT_VERSION = 5.0;
				TARGETED_DEVICE_FAMILY = "1,2";
			};
			name = Debug;
		};
		0F90CD072964352200DD8B35 /* Release */ = {
			isa = XCBuildConfiguration;
			buildSettings = {
				ASSETCATALOG_COMPILER_APPICON_NAME = AppIcon;
				ASSETCATALOG_COMPILER_GLOBAL_ACCENT_COLOR_NAME = AccentColor;
				CODE_SIGN_STYLE = Automatic;
				CURRENT_PROJECT_VERSION = 1;
				DEVELOPMENT_TEAM = SK7334S258;
				GENERATE_INFOPLIST_FILE = YES;
				INFOPLIST_FILE = "MVP-UIKit/Info.plist";
				INFOPLIST_KEY_UIApplicationSupportsIndirectInputEvents = YES;
				INFOPLIST_KEY_UILaunchStoryboardName = LaunchScreen;
				INFOPLIST_KEY_UIMainStoryboardFile = "";
				INFOPLIST_KEY_UISupportedInterfaceOrientations_iPad = "UIInterfaceOrientationPortrait UIInterfaceOrientationPortraitUpsideDown UIInterfaceOrientationLandscapeLeft UIInterfaceOrientationLandscapeRight";
				INFOPLIST_KEY_UISupportedInterfaceOrientations_iPhone = "UIInterfaceOrientationPortrait UIInterfaceOrientationLandscapeLeft UIInterfaceOrientationLandscapeRight";
				LD_RUNPATH_SEARCH_PATHS = (
					"$(inherited)",
					"@executable_path/Frameworks",
				);
				MARKETING_VERSION = 1.0;
				PRODUCT_BUNDLE_IDENTIFIER = "Zasenko.MVP-UIKit";
				PRODUCT_NAME = "$(TARGET_NAME)";
				SWIFT_EMIT_LOC_STRINGS = YES;
				SWIFT_VERSION = 5.0;
				TARGETED_DEVICE_FAMILY = "1,2";
			};
			name = Release;
		};
		0F90CD092964352200DD8B35 /* Debug */ = {
			isa = XCBuildConfiguration;
			buildSettings = {
				ALWAYS_EMBED_SWIFT_STANDARD_LIBRARIES = YES;
				BUNDLE_LOADER = "$(TEST_HOST)";
				CODE_SIGN_STYLE = Automatic;
				CURRENT_PROJECT_VERSION = 1;
				DEVELOPMENT_TEAM = SK7334S258;
				GENERATE_INFOPLIST_FILE = YES;
				IPHONEOS_DEPLOYMENT_TARGET = 16.2;
				MARKETING_VERSION = 1.0;
				PRODUCT_BUNDLE_IDENTIFIER = "Zasenko.MVP-UIKitTests";
				PRODUCT_NAME = "$(TARGET_NAME)";
				SWIFT_EMIT_LOC_STRINGS = NO;
				SWIFT_VERSION = 5.0;
				TARGETED_DEVICE_FAMILY = "1,2";
				TEST_HOST = "$(BUILT_PRODUCTS_DIR)/MVP-UIKit.app/$(BUNDLE_EXECUTABLE_FOLDER_PATH)/MVP-UIKit";
			};
			name = Debug;
		};
		0F90CD0A2964352200DD8B35 /* Release */ = {
			isa = XCBuildConfiguration;
			buildSettings = {
				ALWAYS_EMBED_SWIFT_STANDARD_LIBRARIES = YES;
				BUNDLE_LOADER = "$(TEST_HOST)";
				CODE_SIGN_STYLE = Automatic;
				CURRENT_PROJECT_VERSION = 1;
				DEVELOPMENT_TEAM = SK7334S258;
				GENERATE_INFOPLIST_FILE = YES;
				IPHONEOS_DEPLOYMENT_TARGET = 16.2;
				MARKETING_VERSION = 1.0;
				PRODUCT_BUNDLE_IDENTIFIER = "Zasenko.MVP-UIKitTests";
				PRODUCT_NAME = "$(TARGET_NAME)";
				SWIFT_EMIT_LOC_STRINGS = NO;
				SWIFT_VERSION = 5.0;
				TARGETED_DEVICE_FAMILY = "1,2";
				TEST_HOST = "$(BUILT_PRODUCTS_DIR)/MVP-UIKit.app/$(BUNDLE_EXECUTABLE_FOLDER_PATH)/MVP-UIKit";
			};
			name = Release;
		};
		0F90CD0C2964352200DD8B35 /* Debug */ = {
			isa = XCBuildConfiguration;
			buildSettings = {
				ALWAYS_EMBED_SWIFT_STANDARD_LIBRARIES = YES;
				CODE_SIGN_STYLE = Automatic;
				CURRENT_PROJECT_VERSION = 1;
				DEVELOPMENT_TEAM = SK7334S258;
				GENERATE_INFOPLIST_FILE = YES;
				MARKETING_VERSION = 1.0;
				PRODUCT_BUNDLE_IDENTIFIER = "Zasenko.MVP-UIKitUITests";
				PRODUCT_NAME = "$(TARGET_NAME)";
				SWIFT_EMIT_LOC_STRINGS = NO;
				SWIFT_VERSION = 5.0;
				TARGETED_DEVICE_FAMILY = "1,2";
				TEST_TARGET_NAME = "MVP-UIKit";
			};
			name = Debug;
		};
		0F90CD0D2964352200DD8B35 /* Release */ = {
			isa = XCBuildConfiguration;
			buildSettings = {
				ALWAYS_EMBED_SWIFT_STANDARD_LIBRARIES = YES;
				CODE_SIGN_STYLE = Automatic;
				CURRENT_PROJECT_VERSION = 1;
				DEVELOPMENT_TEAM = SK7334S258;
				GENERATE_INFOPLIST_FILE = YES;
				MARKETING_VERSION = 1.0;
				PRODUCT_BUNDLE_IDENTIFIER = "Zasenko.MVP-UIKitUITests";
				PRODUCT_NAME = "$(TARGET_NAME)";
				SWIFT_EMIT_LOC_STRINGS = NO;
				SWIFT_VERSION = 5.0;
				TARGETED_DEVICE_FAMILY = "1,2";
				TEST_TARGET_NAME = "MVP-UIKit";
			};
			name = Release;
		};
/* End XCBuildConfiguration section */

/* Begin XCConfigurationList section */
		0F90CCD62964352100DD8B35 /* Build configuration list for PBXProject "MVP-UIKit" */ = {
			isa = XCConfigurationList;
			buildConfigurations = (
				0F90CD032964352200DD8B35 /* Debug */,
				0F90CD042964352200DD8B35 /* Release */,
			);
			defaultConfigurationIsVisible = 0;
			defaultConfigurationName = Release;
		};
		0F90CD052964352200DD8B35 /* Build configuration list for PBXNativeTarget "MVP-UIKit" */ = {
			isa = XCConfigurationList;
			buildConfigurations = (
				0F90CD062964352200DD8B35 /* Debug */,
				0F90CD072964352200DD8B35 /* Release */,
			);
			defaultConfigurationIsVisible = 0;
			defaultConfigurationName = Release;
		};
		0F90CD082964352200DD8B35 /* Build configuration list for PBXNativeTarget "MVP-UIKitTests" */ = {
			isa = XCConfigurationList;
			buildConfigurations = (
				0F90CD092964352200DD8B35 /* Debug */,
				0F90CD0A2964352200DD8B35 /* Release */,
			);
			defaultConfigurationIsVisible = 0;
			defaultConfigurationName = Release;
		};
		0F90CD0B2964352200DD8B35 /* Build configuration list for PBXNativeTarget "MVP-UIKitUITests" */ = {
			isa = XCConfigurationList;
			buildConfigurations = (
				0F90CD0C2964352200DD8B35 /* Debug */,
				0F90CD0D2964352200DD8B35 /* Release */,
			);
			defaultConfigurationIsVisible = 0;
			defaultConfigurationName = Release;
		};
/* End XCConfigurationList section */
	};
	rootObject = 0F90CCD32964352100DD8B35 /* Project object */;
}
